# This file is automatically @generated by Cargo.
# It is not intended for manual editing.
version = 4

[[package]]
name = "symphony-cli"
version = "0.0.1"

[[package]]
name = "symphony-core"
version = "0.0.1"

[[package]]
name = "symphony-daemon"
version = "0.0.1"

[[package]]
name = "symphony-protocol"
version = "0.0.1"

[[package]]
name = "symphony-testkit"
version = "0.0.1"

[[package]]
name = "xtask"
version = "0.0.1"
